PODS:
  - AirShare/AirShare (0.1.0):
    - CocoaLumberjack (~> 1.9)
    - libsodium
    - PureLayout (~> 2.0)
  - AirShare/UIKit (0.1.0):
    - AirShare/AirShare
    - CocoaLumberjack (~> 1.9)
    - libsodium
    - PureLayout (~> 2.0)
  - CocoaLumberjack (1.9.2):
    - CocoaLumberjack/Extensions (= 1.9.2)
  - CocoaLumberjack/Core (1.9.2)
  - CocoaLumberjack/Extensions (1.9.2):
    - CocoaLumberjack/Core
  - libsodium (1.0.2)
  - PureLayout (2.0.5)

DEPENDENCIES:
  - AirShare/UIKit (from `../`)

EXTERNAL SOURCES:
  AirShare:
    :path: ../

SPEC CHECKSUMS:
  AirShare: e6e9778628983029e7af56594163bdd596156ae4
  CocoaLumberjack: 205769c032b5fef85b92472046bcc8b7e7c8a817
  libsodium: 16487c168b28aa4e55614d6364e6932ce73137d9
  PureLayout: 63a3257320223e8edddcd3afb407445f85a6bf74

COCOAPODS: 0.36.0
