PODS:
  - AirShare/AirShare (0.1.0):
    - CocoaLumberjack (~> 1.9)
    - libsodium
    - PureLayout (~> 2.0)
  - AirShare/UIKit (0.1.0):
    - AirShare/AirShare
    - CocoaLumberjack (~> 1.9)
    - libsodium
    - PureLayout (~> 2.0)
  - CocoaLumberjack (1.9.2):
    - CocoaLumberjack/Extensions (= 1.9.2)
  - CocoaLumberjack/Core (1.9.2)
  - CocoaLumberjack/Extensions (1.9.2):
    - CocoaLumberjack/Core
  - libsodium (1.0.1)
  - PureLayout (2.0.5)

DEPENDENCIES:
  - AirShare/UIKit (from `../`)

EXTERNAL SOURCES:
  AirShare:
    :path: ../

SPEC CHECKSUMS:
  AirShare: 3b743c0a08c1c402a240f3e496560ddfed66c5c9
  CocoaLumberjack: 205769c032b5fef85b92472046bcc8b7e7c8a817
  libsodium: ac34cc59b942350fb1377380cfb31f05c3d6170e
  PureLayout: 63a3257320223e8edddcd3afb407445f85a6bf74

COCOAPODS: 0.35.0
